
Microsoft Visual Studio Solution File, Format Version 12.00
# Visual Studio Version 17
VisualStudioVersion = 17.6.33815.320
MinimumVisualStudioVersion = 10.0.40219.1
Project("{FAE04EC0-301F-11D3-BF4B-00C04F79EFBC}") = "auth", "auth.csproj", "{AA1D4B1C-42AD-4FCD-B6FF-6A4D69B91069}"
EndProject
Global
	GlobalSection(SolutionConfigurationPlatforms) = preSolution
		Debug|Any CPU = Debug|Any CPU
		Release|Any CPU = Release|Any CPU
	EndGlobalSection
	GlobalSection(ProjectConfigurationPlatforms) = postSolution
		{AA1D4B1C-42AD-4FCD-B6FF-6A4D69B91069}.Debug|Any CPU.ActiveCfg = Debug|Any CPU
		{AA1D4B1C-42AD-4FCD-B6FF-6A4D69B91069}.Debug|Any CPU.Build.0 = Debug|Any CPU
		{AA1D4B1C-42AD-4FCD-B6FF-6A4D69B91069}.Release|Any CPU.ActiveCfg = Release|Any CPU
		{AA1D4B1C-42AD-4FCD-B6FF-6A4D69B91069}.Release|Any CPU.Build.0 = Release|Any CPU
	EndGlobalSection
	GlobalSection(SolutionProperties) = preSolution
		HideSolutionNode = FALSE
	EndGlobalSection
	GlobalSection(ExtensibilityGlobals) = postSolution
		SolutionGuid = {3E6546D7-35F1-4CF3-8AD3-FC9200191069}
	EndGlobalSection
EndGlobal
